
Microsoft Visual Studio Solution File, Format Version 12.00
# Visual Studio 14
VisualStudioVersion = 14.0.23107.0
MinimumVisualStudioVersion = 10.0.40219.1
Project("{FAE04EC0-301F-11D3-BF4B-00C04F79EFBC}") = "Oware", "Oware\Oware.csproj", "{49EB06BA-04A9-4592-AE8D-A82F9C172191}"
EndProject
Project("{FAE04EC0-301F-11D3-BF4B-00C04F79EFBC}") = "Mike.Oware.Engine", "Mike.Oware.Engine\Mike.Oware.Engine.csproj", "{FCA34C42-F869-4FCC-BCE8-9366A4CD736A}"
EndProject
Global
	GlobalSection(SolutionConfigurationPlatforms) = preSolution
		Debug|Any CPU = Debug|Any CPU
		Release|Any CPU = Release|Any CPU
	EndGlobalSection
	GlobalSection(ProjectConfigurationPlatforms) = postSolution
		{49EB06BA-04A9-4592-AE8D-A82F9C172191}.Debug|Any CPU.ActiveCfg = Debug|Any CPU
		{49EB06BA-04A9-4592-AE8D-A82F9C172191}.Debug|Any CPU.Build.0 = Debug|Any CPU
		{49EB06BA-04A9-4592-AE8D-A82F9C172191}.Release|Any CPU.ActiveCfg = Release|Any CPU
		{49EB06BA-04A9-4592-AE8D-A82F9C172191}.Release|Any CPU.Build.0 = Release|Any CPU
		{FCA34C42-F869-4FCC-BCE8-9366A4CD736A}.Debug|Any CPU.ActiveCfg = Debug|Any CPU
		{FCA34C42-F869-4FCC-BCE8-9366A4CD736A}.Debug|Any CPU.Build.0 = Debug|Any CPU
		{FCA34C42-F869-4FCC-BCE8-9366A4CD736A}.Release|Any CPU.ActiveCfg = Release|Any CPU
		{FCA34C42-F869-4FCC-BCE8-9366A4CD736A}.Release|Any CPU.Build.0 = Release|Any CPU
	EndGlobalSection
	GlobalSection(SolutionProperties) = preSolution
		HideSolutionNode = FALSE
	EndGlobalSection
EndGlobal
